
Microsoft Visual Studio Solution File, Format Version 12.00
# Visual Studio 2012
Project("{FAE04EC0-301F-11D3-BF4B-00C04F79EFBC}") = "Entity", "Entity\Entity.csproj", "{40E935A8-2D75-47A2-A8C4-1409D4485A23}"
EndProject
Project("{FAE04EC0-301F-11D3-BF4B-00C04F79EFBC}") = "DAL", "DAL\DAL.csproj", "{FB82FE01-37E7-4789-8DDF-34FEAF28B0AE}"
EndProject
Project("{FAE04EC0-301F-11D3-BF4B-00C04F79EFBC}") = "Portal", "Portal\Portal.csproj", "{615D737C-BEB3-4811-846A-F5C4662CC55A}"
EndProject
Project("{00D1A9C2-B5F0-4AF3-8072-F6C62B433612}") = "SkillsDB", "SkillsDB\SkillsDB.sqlproj", "{8CC744A5-B819-43D9-85B7-C2A943720634}"
EndProject
Global
	GlobalSection(SolutionConfigurationPlatforms) = preSolution
		Debug|Any CPU = Debug|Any CPU
		Release|Any CPU = Release|Any CPU
	EndGlobalSection
	GlobalSection(ProjectConfigurationPlatforms) = postSolution
		{40E935A8-2D75-47A2-A8C4-1409D4485A23}.Debug|Any CPU.ActiveCfg = Debug|Any CPU
		{40E935A8-2D75-47A2-A8C4-1409D4485A23}.Debug|Any CPU.Build.0 = Debug|Any CPU
		{40E935A8-2D75-47A2-A8C4-1409D4485A23}.Release|Any CPU.ActiveCfg = Release|Any CPU
		{40E935A8-2D75-47A2-A8C4-1409D4485A23}.Release|Any CPU.Build.0 = Release|Any CPU
		{FB82FE01-37E7-4789-8DDF-34FEAF28B0AE}.Debug|Any CPU.ActiveCfg = Debug|Any CPU
		{FB82FE01-37E7-4789-8DDF-34FEAF28B0AE}.Debug|Any CPU.Build.0 = Debug|Any CPU
		{FB82FE01-37E7-4789-8DDF-34FEAF28B0AE}.Release|Any CPU.ActiveCfg = Release|Any CPU
		{FB82FE01-37E7-4789-8DDF-34FEAF28B0AE}.Release|Any CPU.Build.0 = Release|Any CPU
		{615D737C-BEB3-4811-846A-F5C4662CC55A}.Debug|Any CPU.ActiveCfg = Debug|Any CPU
		{615D737C-BEB3-4811-846A-F5C4662CC55A}.Debug|Any CPU.Build.0 = Debug|Any CPU
		{615D737C-BEB3-4811-846A-F5C4662CC55A}.Release|Any CPU.ActiveCfg = Release|Any CPU
		{615D737C-BEB3-4811-846A-F5C4662CC55A}.Release|Any CPU.Build.0 = Release|Any CPU
		{8CC744A5-B819-43D9-85B7-C2A943720634}.Debug|Any CPU.ActiveCfg = Debug|Any CPU
		{8CC744A5-B819-43D9-85B7-C2A943720634}.Debug|Any CPU.Build.0 = Debug|Any CPU
		{8CC744A5-B819-43D9-85B7-C2A943720634}.Debug|Any CPU.Deploy.0 = Debug|Any CPU
		{8CC744A5-B819-43D9-85B7-C2A943720634}.Release|Any CPU.ActiveCfg = Release|Any CPU
		{8CC744A5-B819-43D9-85B7-C2A943720634}.Release|Any CPU.Build.0 = Release|Any CPU
		{8CC744A5-B819-43D9-85B7-C2A943720634}.Release|Any CPU.Deploy.0 = Release|Any CPU
	EndGlobalSection
	GlobalSection(SolutionProperties) = preSolution
		HideSolutionNode = FALSE
	EndGlobalSection
EndGlobal
